
Microsoft Visual Studio Solution File, Format Version 12.00
Project("{2150E333-8FDC-42A3-9474-1A3956D46DE8}") = "Core", "Core", "{760E43C7-9A0B-4101-B8FE-82080FED6BE7}"
EndProject
Project("{FAE04EC0-301F-11D3-BF4B-00C04F79EFBC}") = "Domain", "Core\Domain\Domain.csproj", "{AFC979AC-03C5-428A-AB5D-1D99A2C0BC08}"
EndProject
Project("{2150E333-8FDC-42A3-9474-1A3956D46DE8}") = "Build", "Build", "{E4FBFE58-F6DE-4BC2-81AA-00BE121EA92A}"
	ProjectSection(SolutionItems) = preProject
		Build\UtClub.Common.props = Build\UtClub.Common.props
	EndProjectSection
EndProject
Project("{FAE04EC0-301F-11D3-BF4B-00C04F79EFBC}") = "Application", "Core\Application\Application.csproj", "{D4CEC407-EED9-4743-BE87-C4444782292C}"
EndProject
Project("{2150E333-8FDC-42A3-9474-1A3956D46DE8}") = "Infrastructure", "Infrastructure", "{F9FBF68B-08CB-450F-A1E5-D8D8037FA622}"
EndProject
Project("{FAE04EC0-301F-11D3-BF4B-00C04F79EFBC}") = "Persistence", "Infrastructure\Persistence\Persistence.csproj", "{0C67DAB9-DFC8-4BE6-A322-5B0D02F8D1D6}"
EndProject
Project("{FAE04EC0-301F-11D3-BF4B-00C04F79EFBC}") = "Infrastructure", "Infrastructure\Infrastructure\Infrastructure.csproj", "{A8741F05-DC7E-4C01-BFDA-40CC525AF7E9}"
EndProject
Project("{2150E333-8FDC-42A3-9474-1A3956D46DE8}") = "Presentation", "Presentation", "{4FCFF1DD-B845-433D-954D-8DB3B4AC51A0}"
EndProject
Project("{FAE04EC0-301F-11D3-BF4B-00C04F79EFBC}") = "Api", "Presentation\Api\Api.csproj", "{1284ED3C-DFD1-43F9-B8E0-32DC3DE1AC29}"
EndProject
Project("{FAE04EC0-301F-11D3-BF4B-00C04F79EFBC}") = "Contracts", "Infrastructure\Contracts\Contracts.csproj", "{42E8E92E-470F-4011-99E8-65AC72F3A39A}"
EndProject
Project("{2150E333-8FDC-42A3-9474-1A3956D46DE8}") = "Tests", "Tests", "{0B5AB8C8-1826-47CB-BB84-2B0B17A2DF83}"
EndProject
Project("{FAE04EC0-301F-11D3-BF4B-00C04F79EFBC}") = "UnitTest", "Tests\UnitTest\UnitTest.csproj", "{02285C96-586A-4C9D-AD10-60E7FB9E441F}"
EndProject
Project("{FAE04EC0-301F-11D3-BF4B-00C04F79EFBC}") = "Shared", "Infrastructure\Shared\Shared.csproj", "{BC56C314-A80F-4289-B2DA-904C44FBA05C}"
EndProject
Global
	GlobalSection(SolutionConfigurationPlatforms) = preSolution
		Debug|Any CPU = Debug|Any CPU
		Release|Any CPU = Release|Any CPU
	EndGlobalSection
	GlobalSection(NestedProjects) = preSolution
		{AFC979AC-03C5-428A-AB5D-1D99A2C0BC08} = {760E43C7-9A0B-4101-B8FE-82080FED6BE7}
		{D4CEC407-EED9-4743-BE87-C4444782292C} = {760E43C7-9A0B-4101-B8FE-82080FED6BE7}
		{0C67DAB9-DFC8-4BE6-A322-5B0D02F8D1D6} = {F9FBF68B-08CB-450F-A1E5-D8D8037FA622}
		{A8741F05-DC7E-4C01-BFDA-40CC525AF7E9} = {F9FBF68B-08CB-450F-A1E5-D8D8037FA622}
		{1284ED3C-DFD1-43F9-B8E0-32DC3DE1AC29} = {4FCFF1DD-B845-433D-954D-8DB3B4AC51A0}
		{42E8E92E-470F-4011-99E8-65AC72F3A39A} = {F9FBF68B-08CB-450F-A1E5-D8D8037FA622}
		{02285C96-586A-4C9D-AD10-60E7FB9E441F} = {0B5AB8C8-1826-47CB-BB84-2B0B17A2DF83}
		{BC56C314-A80F-4289-B2DA-904C44FBA05C} = {F9FBF68B-08CB-450F-A1E5-D8D8037FA622}
	EndGlobalSection
	GlobalSection(ProjectConfigurationPlatforms) = postSolution
		{AFC979AC-03C5-428A-AB5D-1D99A2C0BC08}.Debug|Any CPU.ActiveCfg = Debug|Any CPU
		{AFC979AC-03C5-428A-AB5D-1D99A2C0BC08}.Debug|Any CPU.Build.0 = Debug|Any CPU
		{AFC979AC-03C5-428A-AB5D-1D99A2C0BC08}.Release|Any CPU.ActiveCfg = Release|Any CPU
		{AFC979AC-03C5-428A-AB5D-1D99A2C0BC08}.Release|Any CPU.Build.0 = Release|Any CPU
		{D4CEC407-EED9-4743-BE87-C4444782292C}.Debug|Any CPU.ActiveCfg = Debug|Any CPU
		{D4CEC407-EED9-4743-BE87-C4444782292C}.Debug|Any CPU.Build.0 = Debug|Any CPU
		{D4CEC407-EED9-4743-BE87-C4444782292C}.Release|Any CPU.ActiveCfg = Release|Any CPU
		{D4CEC407-EED9-4743-BE87-C4444782292C}.Release|Any CPU.Build.0 = Release|Any CPU
		{0C67DAB9-DFC8-4BE6-A322-5B0D02F8D1D6}.Debug|Any CPU.ActiveCfg = Debug|Any CPU
		{0C67DAB9-DFC8-4BE6-A322-5B0D02F8D1D6}.Debug|Any CPU.Build.0 = Debug|Any CPU
		{0C67DAB9-DFC8-4BE6-A322-5B0D02F8D1D6}.Release|Any CPU.ActiveCfg = Release|Any CPU
		{0C67DAB9-DFC8-4BE6-A322-5B0D02F8D1D6}.Release|Any CPU.Build.0 = Release|Any CPU
		{A8741F05-DC7E-4C01-BFDA-40CC525AF7E9}.Debug|Any CPU.ActiveCfg = Debug|Any CPU
		{A8741F05-DC7E-4C01-BFDA-40CC525AF7E9}.Debug|Any CPU.Build.0 = Debug|Any CPU
		{A8741F05-DC7E-4C01-BFDA-40CC525AF7E9}.Release|Any CPU.ActiveCfg = Release|Any CPU
		{A8741F05-DC7E-4C01-BFDA-40CC525AF7E9}.Release|Any CPU.Build.0 = Release|Any CPU
		{1284ED3C-DFD1-43F9-B8E0-32DC3DE1AC29}.Debug|Any CPU.ActiveCfg = Debug|Any CPU
		{1284ED3C-DFD1-43F9-B8E0-32DC3DE1AC29}.Debug|Any CPU.Build.0 = Debug|Any CPU
		{1284ED3C-DFD1-43F9-B8E0-32DC3DE1AC29}.Release|Any CPU.ActiveCfg = Release|Any CPU
		{1284ED3C-DFD1-43F9-B8E0-32DC3DE1AC29}.Release|Any CPU.Build.0 = Release|Any CPU
		{42E8E92E-470F-4011-99E8-65AC72F3A39A}.Debug|Any CPU.ActiveCfg = Debug|Any CPU
		{42E8E92E-470F-4011-99E8-65AC72F3A39A}.Debug|Any CPU.Build.0 = Debug|Any CPU
		{42E8E92E-470F-4011-99E8-65AC72F3A39A}.Release|Any CPU.ActiveCfg = Release|Any CPU
		{42E8E92E-470F-4011-99E8-65AC72F3A39A}.Release|Any CPU.Build.0 = Release|Any CPU
		{02285C96-586A-4C9D-AD10-60E7FB9E441F}.Debug|Any CPU.ActiveCfg = Debug|Any CPU
		{02285C96-586A-4C9D-AD10-60E7FB9E441F}.Debug|Any CPU.Build.0 = Debug|Any CPU
		{02285C96-586A-4C9D-AD10-60E7FB9E441F}.Release|Any CPU.ActiveCfg = Release|Any CPU
		{02285C96-586A-4C9D-AD10-60E7FB9E441F}.Release|Any CPU.Build.0 = Release|Any CPU
		{BC56C314-A80F-4289-B2DA-904C44FBA05C}.Debug|Any CPU.ActiveCfg = Debug|Any CPU
		{BC56C314-A80F-4289-B2DA-904C44FBA05C}.Debug|Any CPU.Build.0 = Debug|Any CPU
		{BC56C314-A80F-4289-B2DA-904C44FBA05C}.Release|Any CPU.ActiveCfg = Release|Any CPU
		{BC56C314-A80F-4289-B2DA-904C44FBA05C}.Release|Any CPU.Build.0 = Release|Any CPU
	EndGlobalSection
EndGlobal
